
Microsoft Visual Studio Solution File, Format Version 12.00
Project("{FAE04EC0-301F-11D3-BF4B-00C04F79EFBC}") = "Aritix", "Aritix.csproj", "{294A967A-B228-441D-8EEB-999C4D6E084A}"
EndProject
Global
	GlobalSection(SolutionConfigurationPlatforms) = preSolution
		Debug|Any CPU = Debug|Any CPU
		Release|Any CPU = Release|Any CPU
	EndGlobalSection
	GlobalSection(ProjectConfigurationPlatforms) = postSolution
		{294A967A-B228-441D-8EEB-999C4D6E084A}.Debug|Any CPU.ActiveCfg = Debug|Any CPU
		{294A967A-B228-441D-8EEB-999C4D6E084A}.Debug|Any CPU.Build.0 = Debug|Any CPU
		{294A967A-B228-441D-8EEB-999C4D6E084A}.Release|Any CPU.ActiveCfg = Release|Any CPU
		{294A967A-B228-441D-8EEB-999C4D6E084A}.Release|Any CPU.Build.0 = Release|Any CPU
	EndGlobalSection
EndGlobal
